
Microsoft Visual Studio Solution File, Format Version 12.00
# Visual Studio Version 17
VisualStudioVersion = 17.4.33205.214
MinimumVisualStudioVersion = 10.0.40219.1
Project("{FAE04EC0-301F-11D3-BF4B-00C04F79EFBC}") = "ModioModNetworker", "ModioModNetworker\ModioModNetworker.csproj", "{CDDE6516-F286-4F2C-AD4B-D75164EB3E75}"
EndProject
Project("{FAE04EC0-301F-11D3-BF4B-00C04F79EFBC}") = "ModioModNetworkerUpdater", "ModioModNetworkerUpdater\ModioModNetworkerUpdater.csproj", "{F95D874D-964D-476F-8641-FD55AD88EF07}"
EndProject
Project("{FAE04EC0-301F-11D3-BF4B-00C04F79EFBC}") = "UpdaterApp", "UpdaterApp\UpdaterApp.csproj", "{368C8264-42C6-4AFB-B9EE-0A9F90C1F3BE}"
EndProject
Global
	GlobalSection(SolutionConfigurationPlatforms) = preSolution
		Debug|Any CPU = Debug|Any CPU
		Release|Any CPU = Release|Any CPU
	EndGlobalSection
	GlobalSection(ProjectConfigurationPlatforms) = postSolution
		{CDDE6516-F286-4F2C-AD4B-D75164EB3E75}.Debug|Any CPU.ActiveCfg = Debug|Any CPU
		{CDDE6516-F286-4F2C-AD4B-D75164EB3E75}.Debug|Any CPU.Build.0 = Debug|Any CPU
		{CDDE6516-F286-4F2C-AD4B-D75164EB3E75}.Release|Any CPU.ActiveCfg = Release|Any CPU
		{CDDE6516-F286-4F2C-AD4B-D75164EB3E75}.Release|Any CPU.Build.0 = Release|Any CPU
		{F95D874D-964D-476F-8641-FD55AD88EF07}.Debug|Any CPU.ActiveCfg = Debug|Any CPU
		{F95D874D-964D-476F-8641-FD55AD88EF07}.Debug|Any CPU.Build.0 = Debug|Any CPU
		{F95D874D-964D-476F-8641-FD55AD88EF07}.Release|Any CPU.ActiveCfg = Release|Any CPU
		{F95D874D-964D-476F-8641-FD55AD88EF07}.Release|Any CPU.Build.0 = Release|Any CPU
		{368C8264-42C6-4AFB-B9EE-0A9F90C1F3BE}.Debug|Any CPU.ActiveCfg = Debug|Any CPU
		{368C8264-42C6-4AFB-B9EE-0A9F90C1F3BE}.Debug|Any CPU.Build.0 = Debug|Any CPU
		{368C8264-42C6-4AFB-B9EE-0A9F90C1F3BE}.Release|Any CPU.ActiveCfg = Release|Any CPU
		{368C8264-42C6-4AFB-B9EE-0A9F90C1F3BE}.Release|Any CPU.Build.0 = Release|Any CPU
	EndGlobalSection
	GlobalSection(SolutionProperties) = preSolution
		HideSolutionNode = FALSE
	EndGlobalSection
	GlobalSection(ExtensibilityGlobals) = postSolution
		SolutionGuid = {F0D52F3B-A15C-405F-949E-99473104A99D}
	EndGlobalSection
EndGlobal
